// !$*UTF8*$!
{
	archiveVersion = 1;
	classes = {
	};
	objectVersion = 50;
	objects = {

/* Begin PBXBuildFile section */
		0D8D05F1D9822A964786C83B /* Pods_week3.framework in Frameworks */ = {isa = PBXBuildFile; fileRef = 8DC198C88E399410077A019C /* Pods_week3.framework */; };
		A310E0B725C8FDAB00668ACE /* AppDelegate.swift in Sources */ = {isa = PBXBuildFile; fileRef = A310E0B625C8FDAB00668ACE /* AppDelegate.swift */; };
		A310E0B925C8FDAB00668ACE /* SceneDelegate.swift in Sources */ = {isa = PBXBuildFile; fileRef = A310E0B825C8FDAB00668ACE /* SceneDelegate.swift */; };
		A310E0BB25C8FDAB00668ACE /* ViewController.swift in Sources */ = {isa = PBXBuildFile; fileRef = A310E0BA25C8FDAB00668ACE /* ViewController.swift */; };
		A310E0BE25C8FDAB00668ACE /* Main.storyboard in Resources */ = {isa = PBXBuildFile; fileRef = A310E0BC25C8FDAB00668ACE /* Main.storyboard */; };
		A310E0C025C8FDB200668ACE /* Assets.xcassets in Resources */ = {isa = PBXBuildFile; fileRef = A310E0BF25C8FDB200668ACE /* Assets.xcassets */; };
		A310E0C325C8FDB200668ACE /* LaunchScreen.storyboard in Resources */ = {isa = PBXBuildFile; fileRef = A310E0C125C8FDB200668ACE /* LaunchScreen.storyboard */; };
/* End PBXBuildFile section */

/* Begin PBXFileReference section */
		1B07542B552B70ABFFA6CFD4 /* Pods-week3.debug.xcconfig */ = {isa = PBXFileReference; includeInIndex = 1; lastKnownFileType = text.xcconfig; name = "Pods-week3.debug.xcconfig"; path = "Target Support Files/Pods-week3/Pods-week3.debug.xcconfig"; sourceTree = "<group>"; };
		2B73DA0FD498F71AEA3D381E /* Pods-week3.release.xcconfig */ = {isa = PBXFileReference; includeInIndex = 1; lastKnownFileType = text.xcconfig; name = "Pods-week3.release.xcconfig"; path = "Target Support Files/Pods-week3/Pods-week3.release.xcconfig"; sourceTree = "<group>"; };
		8DC198C88E399410077A019C /* Pods_week3.framework */ = {isa = PBXFileReference; explicitFileType = wrapper.framework; includeInIndex = 0; path = Pods_week3.framework; sourceTree = BUILT_PRODUCTS_DIR; };
		A310E0B325C8FDAB00668ACE /* week3.app */ = {isa = PBXFileReference; explicitFileType = wrapper.application; includeInIndex = 0; path = week3.app; sourceTree = BUILT_PRODUCTS_DIR; };
		A310E0B625C8FDAB00668ACE /* AppDelegate.swift */ = {isa = PBXFileReference; lastKnownFileType = sourcecode.swift; path = AppDelegate.swift; sourceTree = "<group>"; };
		A310E0B825C8FDAB00668ACE /* SceneDelegate.swift */ = {isa = PBXFileReference; lastKnownFileType = sourcecode.swift; path = SceneDelegate.swift; sourceTree = "<group>"; };
		A310E0BA25C8FDAB00668ACE /* ViewController.swift */ = {isa = PBXFileReference; lastKnownFileType = sourcecode.swift; path = ViewController.swift; sourceTree = "<group>"; };
		A310E0BD25C8FDAB00668ACE /* Base */ = {isa = PBXFileReference; lastKnownFileType = file.storyboard; name = Base; path = Base.lproj/Main.storyboard; sourceTree = "<group>"; };
		A310E0BF25C8FDB200668ACE /* Assets.xcassets */ = {isa = PBXFileReference; lastKnownFileType = folder.assetcatalog; path = Assets.xcassets; sourceTree = "<group>"; };
		A310E0C225C8FDB200668ACE /* Base */ = {isa = PBXFileReference; lastKnownFileType = file.storyboard; name = Base; path = Base.lproj/LaunchScreen.storyboard; sourceTree = "<group>"; };
		A310E0C425C8FDB200668ACE /* Info.plist */ = {isa = PBXFileReference; lastKnownFileType = text.plist.xml; path = Info.plist; sourceTree = "<group>"; };
/* End PBXFileReference section */

/* Begin PBXFrameworksBuildPhase section */
		A310E0B025C8FDAA00668ACE /* Frameworks */ = {
			isa = PBXFrameworksBuildPhase;
			buildActionMask = 2147483647;
			files = (
				0D8D05F1D9822A964786C83B /* Pods_week3.framework in Frameworks */,
			);
			runOnlyForDeploymentPostprocessing = 0;
		};
/* End PBXFrameworksBuildPhase section */

/* Begin PBXGroup section */
		A310E0AA25C8FDAA00668ACE = {
			isa = PBXGroup;
			children = (
				A310E0B525C8FDAB00668ACE /* week3 */,
				A310E0B425C8FDAB00668ACE /* Products */,
				CA5A1E0B380374017059DDB2 /* Pods */,
				C93EBD60C2B5AFE662E67E24 /* Frameworks */,
			);
			sourceTree = "<group>";
		};
		A310E0B425C8FDAB00668ACE /* Products */ = {
			isa = PBXGroup;
			children = (
				A310E0B325C8FDAB00668ACE /* week3.app */,
			);
			name = Products;
			sourceTree = "<group>";
		};
		A310E0B525C8FDAB00668ACE /* week3 */ = {
			isa = PBXGroup;
			children = (
				A310E0B625C8FDAB00668ACE /* AppDelegate.swift */,
				A310E0B825C8FDAB00668ACE /* SceneDelegate.swift */,
				A310E0BA25C8FDAB00668ACE /* ViewController.swift */,
				A310E0BC25C8FDAB00668ACE /* Main.storyboard */,
				A310E0BF25C8FDB200668ACE /* Assets.xcassets */,
				A310E0C125C8FDB200668ACE /* LaunchScreen.storyboard */,
				A310E0C425C8FDB200668ACE /* Info.plist */,
			);
			path = week3;
			sourceTree = "<group>";
		};
		C93EBD60C2B5AFE662E67E24 /* Frameworks */ = {
			isa = PBXGroup;
			children = (
				8DC198C88E399410077A019C /* Pods_week3.framework */,
			);
			name = Frameworks;
			sourceTree = "<group>";
		};
		CA5A1E0B380374017059DDB2 /* Pods */ = {
			isa = PBXGroup;
			children = (
				1B07542B552B70ABFFA6CFD4 /* Pods-week3.debug.xcconfig */,
				2B73DA0FD498F71AEA3D381E /* Pods-week3.release.xcconfig */,
			);
			name = Pods;
			path = Pods;
			sourceTree = "<group>";
		};
/* End PBXGroup section */

/* Begin PBXNativeTarget section */
		A310E0B225C8FDAA00668ACE /* week3 */ = {
			isa = PBXNativeTarget;
			buildConfigurationList = A310E0C725C8FDB200668ACE /* Build configuration list for PBXNativeTarget "week3" */;
			buildPhases = (
				E134BDFB8CDB2304C9B63EA3 /* [CP] Check Pods Manifest.lock */,
				A310E0AF25C8FDAA00668ACE /* Sources */,
				A310E0B025C8FDAA00668ACE /* Frameworks */,
				A310E0B125C8FDAA00668ACE /* Resources */,
				7F1DCB8D198AE7AF76551191 /* [CP] Embed Pods Frameworks */,
			);
			buildRules = (
			);
			dependencies = (
			);
			name = week3;
			productName = week3;
			productReference = A310E0B325C8FDAB00668ACE /* week3.app */;
			productType = "com.apple.product-type.application";
		};
/* End PBXNativeTarget section */

/* Begin PBXProject section */
		A310E0AB25C8FDAA00668ACE /* Project object */ = {
			isa = PBXProject;
			attributes = {
				LastSwiftUpdateCheck = 1230;
				LastUpgradeCheck = 1230;
				TargetAttributes = {
					A310E0B225C8FDAA00668ACE = {
						CreatedOnToolsVersion = 12.3;
					};
				};
			};
			buildConfigurationList = A310E0AE25C8FDAA00668ACE /* Build configuration list for PBXProject "week3" */;
			compatibilityVersion = "Xcode 9.3";
			developmentRegion = en;
			hasScannedForEncodings = 0;
			knownRegions = (
				en,
				Base,
			);
			mainGroup = A310E0AA25C8FDAA00668ACE;
			productRefGroup = A310E0B425C8FDAB00668ACE /* Products */;
			projectDirPath = "";
			projectRoot = "";
			targets = (
				A310E0B225C8FDAA00668ACE /* week3 */,
			);
		};
/* End PBXProject section */

/* Begin PBXResourcesBuildPhase section */
		A310E0B125C8FDAA00668ACE /* Resources */ = {
			isa = PBXResourcesBuildPhase;
			buildActionMask = 2147483647;
			files = (
				A310E0C325C8FDB200668ACE /* LaunchScreen.storyboard in Resources */,
				A310E0C025C8FDB200668ACE /* Assets.xcassets in Resources */,
				A310E0BE25C8FDAB00668ACE /* Main.storyboard in Resources */,
			);
			runOnlyForDeploymentPostprocessing = 0;
		};
/* End PBXResourcesBuildPhase section */

/* Begin PBXShellScriptBuildPhase section */
		7F1DCB8D198AE7AF76551191 /* [CP] Embed Pods Frameworks */ = {
			isa = PBXShellScriptBuildPhase;
			buildActionMask = 2147483647;
			files = (
			);
			inputFileListPaths = (
				"${PODS_ROOT}/Target Support Files/Pods-week3/Pods-week3-frameworks-${CONFIGURATION}-input-files.xcfilelist",
			);
			name = "[CP] Embed Pods Frameworks";
			outputFileListPaths = (
				"${PODS_ROOT}/Target Support Files/Pods-week3/Pods-week3-frameworks-${CONFIGURATION}-output-files.xcfilelist",
			);
			runOnlyForDeploymentPostprocessing = 0;
			shellPath = /bin/sh;
			shellScript = "\"${PODS_ROOT}/Target Support Files/Pods-week3/Pods-week3-frameworks.sh\"\n";
			showEnvVarsInLog = 0;
		};
		E134BDFB8CDB2304C9B63EA3 /* [CP] Check Pods Manifest.lock */ = {
			isa = PBXShellScriptBuildPhase;
			buildActionMask = 2147483647;
			files = (
			);
			inputFileListPaths = (
			);
			inputPaths = (
				"${PODS_PODFILE_DIR_PATH}/Podfile.lock",
				"${PODS_ROOT}/Manifest.lock",
			);
			name = "[CP] Check Pods Manifest.lock";
			outputFileListPaths = (
			);
			outputPaths = (
				"$(DERIVED_FILE_DIR)/Pods-week3-checkManifestLockResult.txt",
			);
			runOnlyForDeploymentPostprocessing = 0;
			shellPath = /bin/sh;
			shellScript = "diff \"${PODS_PODFILE_DIR_PATH}/Podfile.lock\" \"${PODS_ROOT}/Manifest.lock\" > /dev/null\nif [ $? != 0 ] ; then\n    # print error to STDERR\n    echo \"error: The sandbox is not in sync with the Podfile.lock. Run 'pod install' or update your CocoaPods installation.\" >&2\n    exit 1\nfi\n# This output is used by Xcode 'outputs' to avoid re-running this script phase.\necho \"SUCCESS\" > \"${SCRIPT_OUTPUT_FILE_0}\"\n";
			showEnvVarsInLog = 0;
		};
/* End PBXShellScriptBuildPhase section */

/* Begin PBXSourcesBuildPhase section */
		A310E0AF25C8FDAA00668ACE /* Sources */ = {
			isa = PBXSourcesBuildPhase;
			buildActionMask = 2147483647;
			files = (
				A310E0BB25C8FDAB00668ACE /* ViewController.swift in Sources */,
				A310E0B725C8FDAB00668ACE /* AppDelegate.swift in Sources */,
				A310E0B925C8FDAB00668ACE /* SceneDelegate.swift in Sources */,
			);
			runOnlyForDeploymentPostprocessing = 0;
		};
/* End PBXSourcesBuildPhase section */

/* Begin PBXVariantGroup section */
		A310E0BC25C8FDAB00668ACE /* Main.storyboard */ = {
			isa = PBXVariantGroup;
			children = (
				A310E0BD25C8FDAB00668ACE /* Base */,
			);
			name = Main.storyboard;
			sourceTree = "<group>";
		};
		A310E0C125C8FDB200668ACE /* LaunchScreen.storyboard */ = {
			isa = PBXVariantGroup;
			children = (
				A310E0C225C8FDB200668ACE /* Base */,
			);
			name = LaunchScreen.storyboard;
			sourceTree = "<group>";
		};
/* End PBXVariantGroup section */

/* Begin XCBuildConfiguration section */
		A310E0C525C8FDB200668ACE /* Debug */ = {
			isa = XCBuildConfiguration;
			buildSettings = {
				ALWAYS_SEARCH_USER_PATHS = NO;
				CLANG_ANALYZER_NONNULL = YES;
				CLANG_ANALYZER_NUMBER_OBJECT_CONVERSION = YES_AGGRESSIVE;
				CLANG_CXX_LANGUAGE_STANDARD = "gnu++14";
				CLANG_CXX_LIBRARY = "libc++";
				CLANG_ENABLE_MODULES = YES;
				CLANG_ENABLE_OBJC_ARC = YES;
				CLANG_ENABLE_OBJC_WEAK = YES;
				CLANG_WARN_BLOCK_CAPTURE_AUTORELEASING = YES;
				CLANG_WARN_BOOL_CONVERSION = YES;
				CLANG_WARN_COMMA = YES;
				CLANG_WARN_CONSTANT_CONVERSION = YES;
				CLANG_WARN_DEPRECATED_OBJC_IMPLEMENTATIONS = YES;
				CLANG_WARN_DIRECT_OBJC_ISA_USAGE = YES_ERROR;
				CLANG_WARN_DOCUMENTATION_COMMENTS = YES;
				CLANG_WARN_EMPTY_BODY = YES;
				CLANG_WARN_ENUM_CONVERSION = YES;
				CLANG_WARN_INFINITE_RECURSION = YES;
				CLANG_WARN_INT_CONVERSION = YES;
				CLANG_WARN_NON_LITERAL_NULL_CONVERSION = YES;
				CLANG_WARN_OBJC_IMPLICIT_RETAIN_SELF = YES;
				CLANG_WARN_OBJC_LITERAL_CONVERSION = YES;
				CLANG_WARN_OBJC_ROOT_CLASS = YES_ERROR;
				CLANG_WARN_QUOTED_INCLUDE_IN_FRAMEWORK_HEADER = YES;
				CLANG_WARN_RANGE_LOOP_ANALYSIS = YES;
				CLANG_WARN_STRICT_PROTOTYPES = YES;
				CLANG_WARN_SUSPICIOUS_MOVE = YES;
				CLANG_WARN_UNGUARDED_AVAILABILITY = YES_AGGRESSIVE;
				CLANG_WARN_UNREACHABLE_CODE = YES;
				CLANG_WARN__DUPLICATE_METHOD_MATCH = YES;
				COPY_PHASE_STRIP = NO;
				DEBUG_INFORMATION_FORMAT = dwarf;
				ENABLE_STRICT_OBJC_MSGSEND = YES;
				ENABLE_TESTABILITY = YES;
				GCC_C_LANGUAGE_STANDARD = gnu11;
				GCC_DYNAMIC_NO_PIC = NO;
				GCC_NO_COMMON_BLOCKS = YES;
				GCC_OPTIMIZATION_LEVEL = 0;
				GCC_PREPROCESSOR_DEFINITIONS = (
					"DEBUG=1",
					"$(inherited)",
				);
				GCC_WARN_64_TO_32_BIT_CONVERSION = YES;
				GCC_WARN_ABOUT_RETURN_TYPE = YES_ERROR;
				GCC_WARN_UNDECLARED_SELECTOR = YES;
				GCC_WARN_UNINITIALIZED_AUTOS = YES_AGGRESSIVE;
				GCC_WARN_UNUSED_FUNCTION = YES;
				GCC_WARN_UNUSED_VARIABLE = YES;
				IPHONEOS_DEPLOYMENT_TARGET = 14.3;
				MTL_ENABLE_DEBUG_INFO = INCLUDE_SOURCE;
				MTL_FAST_MATH = YES;
				ONLY_ACTIVE_ARCH = YES;
				SDKROOT = iphoneos;
				SWIFT_ACTIVE_COMPILATION_CONDITIONS = DEBUG;
				SWIFT_OPTIMIZATION_LEVEL = "-Onone";
			};
			name = Debug;
		};
		A310E0C625C8FDB200668ACE /* Release */ = {
			isa = XCBuildConfiguration;
			buildSettings = {
				ALWAYS_SEARCH_USER_PATHS = NO;
				CLANG_ANALYZER_NONNULL = YES;
				CLANG_ANALYZER_NUMBER_OBJECT_CONVERSION = YES_AGGRESSIVE;
				CLANG_CXX_LANGUAGE_STANDARD = "gnu++14";
				CLANG_CXX_LIBRARY = "libc++";
				CLANG_ENABLE_MODULES = YES;
				CLANG_ENABLE_OBJC_ARC = YES;
				CLANG_ENABLE_OBJC_WEAK = YES;
				CLANG_WARN_BLOCK_CAPTURE_AUTORELEASING = YES;
				CLANG_WARN_BOOL_CONVERSION = YES;
				CLANG_WARN_COMMA = YES;
				CLANG_WARN_CONSTANT_CONVERSION = YES;
				CLANG_WARN_DEPRECATED_OBJC_IMPLEMENTATIONS = YES;
				CLANG_WARN_DIRECT_OBJC_ISA_USAGE = YES_ERROR;
				CLANG_WARN_DOCUMENTATION_COMMENTS = YES;
				CLANG_WARN_EMPTY_BODY = YES;
				CLANG_WARN_ENUM_CONVERSION = YES;
				CLANG_WARN_INFINITE_RECURSION = YES;
				CLANG_WARN_INT_CONVERSION = YES;
				CLANG_WARN_NON_LITERAL_NULL_CONVERSION = YES;
				CLANG_WARN_OBJC_IMPLICIT_RETAIN_SELF = YES;
				CLANG_WARN_OBJC_LITERAL_CONVERSION = YES;
				CLANG_WARN_OBJC_ROOT_CLASS = YES_ERROR;
				CLANG_WARN_QUOTED_INCLUDE_IN_FRAMEWORK_HEADER = YES;
				CLANG_WARN_RANGE_LOOP_ANALYSIS = YES;
				CLANG_WARN_STRICT_PROTOTYPES = YES;
				CLANG_WARN_SUSPICIOUS_MOVE = YES;
				CLANG_WARN_UNGUARDED_AVAILABILITY = YES_AGGRESSIVE;
				CLANG_WARN_UNREACHABLE_CODE = YES;
				CLANG_WARN__DUPLICATE_METHOD_MATCH = YES;
				COPY_PHASE_STRIP = NO;
				DEBUG_INFORMATION_FORMAT = "dwarf-with-dsym";
				ENABLE_NS_ASSERTIONS = NO;
				ENABLE_STRICT_OBJC_MSGSEND = YES;
				GCC_C_LANGUAGE_STANDARD = gnu11;
				GCC_NO_COMMON_BLOCKS = YES;
				GCC_WARN_64_TO_32_BIT_CONVERSION = YES;
				GCC_WARN_ABOUT_RETURN_TYPE = YES_ERROR;
				GCC_WARN_UNDECLARED_SELECTOR = YES;
				GCC_WARN_UNINITIALIZED_AUTOS = YES_AGGRESSIVE;
				GCC_WARN_UNUSED_FUNCTION = YES;
				GCC_WARN_UNUSED_VARIABLE = YES;
				IPHONEOS_DEPLOYMENT_TARGET = 14.3;
				MTL_ENABLE_DEBUG_INFO = NO;
				MTL_FAST_MATH = YES;
				SDKROOT = iphoneos;
				SWIFT_COMPILATION_MODE = wholemodule;
				SWIFT_OPTIMIZATION_LEVEL = "-O";
				VALIDATE_PRODUCT = YES;
			};
			name = Release;
		};
		A310E0C825C8FDB200668ACE /* Debug */ = {
			isa = XCBuildConfiguration;
			baseConfigurationReference = 1B07542B552B70ABFFA6CFD4 /* Pods-week3.debug.xcconfig */;
			buildSettings = {
				ASSETCATALOG_COMPILER_APPICON_NAME = AppIcon;
				ASSETCATALOG_COMPILER_GLOBAL_ACCENT_COLOR_NAME = AccentColor;
				CODE_SIGN_STYLE = Automatic;
				INFOPLIST_FILE = week3/Info.plist;
				LD_RUNPATH_SEARCH_PATHS = (
					"$(inherited)",
					"@executable_path/Frameworks",
				);
				PRODUCT_BUNDLE_IDENTIFIER = itp344x.week3;
				PRODUCT_NAME = "$(TARGET_NAME)";
				SWIFT_VERSION = 5.0;
				TARGETED_DEVICE_FAMILY = "1,2";
			};
			name = Debug;
		};
		A310E0C925C8FDB200668ACE /* Release */ = {
			isa = XCBuildConfiguration;
			baseConfigurationReference = 2B73DA0FD498F71AEA3D381E /* Pods-week3.release.xcconfig */;
			buildSettings = {
				ASSETCATALOG_COMPILER_APPICON_NAME = AppIcon;
				ASSETCATALOG_COMPILER_GLOBAL_ACCENT_COLOR_NAME = AccentColor;
				CODE_SIGN_STYLE = Automatic;
				INFOPLIST_FILE = week3/Info.plist;
				LD_RUNPATH_SEARCH_PATHS = (
					"$(inherited)",
					"@executable_path/Frameworks",
				);
				PRODUCT_BUNDLE_IDENTIFIER = itp344x.week3;
				PRODUCT_NAME = "$(TARGET_NAME)";
				SWIFT_VERSION = 5.0;
				TARGETED_DEVICE_FAMILY = "1,2";
			};
			name = Release;
		};
/* End XCBuildConfiguration section */

/* Begin XCConfigurationList section */
		A310E0AE25C8FDAA00668ACE /* Build configuration list for PBXProject "week3" */ = {
			isa = XCConfigurationList;
			buildConfigurations = (
				A310E0C525C8FDB200668ACE /* Debug */,
				A310E0C625C8FDB200668ACE /* Release */,
			);
			defaultConfigurationIsVisible = 0;
			defaultConfigurationName = Release;
		};
		A310E0C725C8FDB200668ACE /* Build configuration list for PBXNativeTarget "week3" */ = {
			isa = XCConfigurationList;
			buildConfigurations = (
				A310E0C825C8FDB200668ACE /* Debug */,
				A310E0C925C8FDB200668ACE /* Release */,
			);
			defaultConfigurationIsVisible = 0;
			defaultConfigurationName = Release;
		};
/* End XCConfigurationList section */
	};
	rootObject = A310E0AB25C8FDAA00668ACE /* Project object */;
}
