// !$*UTF8*$!
{
	archiveVersion = 1;
	classes = {
	};
	objectVersion = 50;
	objects = {

/* Begin PBXBuildFile section */
		A0A202AA145B5E45C7E05AE8 /* Pods_ITP344_Spring2021_W4.framework in Frameworks */ = {isa = PBXBuildFile; fileRef = 32F7F040A0EDBB5DC7011BB6 /* Pods_ITP344_Spring2021_W4.framework */; };
		D5170F9325C8F8A100AAFD67 /* AppDelegate.swift in Sources */ = {isa = PBXBuildFile; fileRef = D5170F9225C8F8A100AAFD67 /* AppDelegate.swift */; };
		D5170F9525C8F8A100AAFD67 /* SceneDelegate.swift in Sources */ = {isa = PBXBuildFile; fileRef = D5170F9425C8F8A100AAFD67 /* SceneDelegate.swift */; };
		D5170F9725C8F8A100AAFD67 /* ViewController.swift in Sources */ = {isa = PBXBuildFile; fileRef = D5170F9625C8F8A100AAFD67 /* ViewController.swift */; };
		D5170F9C25C8F8A300AAFD67 /* Assets.xcassets in Resources */ = {isa = PBXBuildFile; fileRef = D5170F9B25C8F8A300AAFD67 /* Assets.xcassets */; };
		D5170F9F25C8F8A300AAFD67 /* LaunchScreen.storyboard in Resources */ = {isa = PBXBuildFile; fileRef = D5170F9D25C8F8A300AAFD67 /* LaunchScreen.storyboard */; };
/* End PBXBuildFile section */

/* Begin PBXFileReference section */
		32F7F040A0EDBB5DC7011BB6 /* Pods_ITP344_Spring2021_W4.framework */ = {isa = PBXFileReference; explicitFileType = wrapper.framework; includeInIndex = 0; path = Pods_ITP344_Spring2021_W4.framework; sourceTree = BUILT_PRODUCTS_DIR; };
		92D52D933315DB1E53DEA20E /* Pods-ITP344-Spring2021-W4.release.xcconfig */ = {isa = PBXFileReference; includeInIndex = 1; lastKnownFileType = text.xcconfig; name = "Pods-ITP344-Spring2021-W4.release.xcconfig"; path = "Target Support Files/Pods-ITP344-Spring2021-W4/Pods-ITP344-Spring2021-W4.release.xcconfig"; sourceTree = "<group>"; };
		D5170F8F25C8F8A100AAFD67 /* ITP344-Spring2021-W4.app */ = {isa = PBXFileReference; explicitFileType = wrapper.application; includeInIndex = 0; path = "ITP344-Spring2021-W4.app"; sourceTree = BUILT_PRODUCTS_DIR; };
		D5170F9225C8F8A100AAFD67 /* AppDelegate.swift */ = {isa = PBXFileReference; lastKnownFileType = sourcecode.swift; path = AppDelegate.swift; sourceTree = "<group>"; };
		D5170F9425C8F8A100AAFD67 /* SceneDelegate.swift */ = {isa = PBXFileReference; lastKnownFileType = sourcecode.swift; path = SceneDelegate.swift; sourceTree = "<group>"; };
		D5170F9625C8F8A100AAFD67 /* ViewController.swift */ = {isa = PBXFileReference; lastKnownFileType = sourcecode.swift; path = ViewController.swift; sourceTree = "<group>"; };
		D5170F9B25C8F8A300AAFD67 /* Assets.xcassets */ = {isa = PBXFileReference; lastKnownFileType = folder.assetcatalog; path = Assets.xcassets; sourceTree = "<group>"; };
		D5170F9E25C8F8A300AAFD67 /* Base */ = {isa = PBXFileReference; lastKnownFileType = file.storyboard; name = Base; path = Base.lproj/LaunchScreen.storyboard; sourceTree = "<group>"; };
		D5170FA025C8F8A300AAFD67 /* Info.plist */ = {isa = PBXFileReference; lastKnownFileType = text.plist.xml; path = Info.plist; sourceTree = "<group>"; };
		F9C13A3F3E825ECB20D380BC /* Pods-ITP344-Spring2021-W4.debug.xcconfig */ = {isa = PBXFileReference; includeInIndex = 1; lastKnownFileType = text.xcconfig; name = "Pods-ITP344-Spring2021-W4.debug.xcconfig"; path = "Target Support Files/Pods-ITP344-Spring2021-W4/Pods-ITP344-Spring2021-W4.debug.xcconfig"; sourceTree = "<group>"; };
/* End PBXFileReference section */

/* Begin PBXFrameworksBuildPhase section */
		D5170F8C25C8F8A100AAFD67 /* Frameworks */ = {
			isa = PBXFrameworksBuildPhase;
			buildActionMask = 2147483647;
			files = (
				A0A202AA145B5E45C7E05AE8 /* Pods_ITP344_Spring2021_W4.framework in Frameworks */,
			);
			runOnlyForDeploymentPostprocessing = 0;
		};
/* End PBXFrameworksBuildPhase section */

/* Begin PBXGroup section */
		7EE5B5EE6558834AB8CF9C17 /* Pods */ = {
			isa = PBXGroup;
			children = (
				F9C13A3F3E825ECB20D380BC /* Pods-ITP344-Spring2021-W4.debug.xcconfig */,
				92D52D933315DB1E53DEA20E /* Pods-ITP344-Spring2021-W4.release.xcconfig */,
			);
			name = Pods;
			path = Pods;
			sourceTree = "<group>";
		};
		84E68F0CBAA21894E1EE37DE /* Frameworks */ = {
			isa = PBXGroup;
			children = (
				32F7F040A0EDBB5DC7011BB6 /* Pods_ITP344_Spring2021_W4.framework */,
			);
			name = Frameworks;
			sourceTree = "<group>";
		};
		D5170F8625C8F8A100AAFD67 = {
			isa = PBXGroup;
			children = (
				D5170F9125C8F8A100AAFD67 /* ITP344-Spring2021-W4 */,
				D5170F9025C8F8A100AAFD67 /* Products */,
				7EE5B5EE6558834AB8CF9C17 /* Pods */,
				84E68F0CBAA21894E1EE37DE /* Frameworks */,
			);
			sourceTree = "<group>";
		};
		D5170F9025C8F8A100AAFD67 /* Products */ = {
			isa = PBXGroup;
			children = (
				D5170F8F25C8F8A100AAFD67 /* ITP344-Spring2021-W4.app */,
			);
			name = Products;
			sourceTree = "<group>";
		};
		D5170F9125C8F8A100AAFD67 /* ITP344-Spring2021-W4 */ = {
			isa = PBXGroup;
			children = (
				D5170F9225C8F8A100AAFD67 /* AppDelegate.swift */,
				D5170F9425C8F8A100AAFD67 /* SceneDelegate.swift */,
				D5170F9625C8F8A100AAFD67 /* ViewController.swift */,
				D5170F9B25C8F8A300AAFD67 /* Assets.xcassets */,
				D5170F9D25C8F8A300AAFD67 /* LaunchScreen.storyboard */,
				D5170FA025C8F8A300AAFD67 /* Info.plist */,
			);
			path = "ITP344-Spring2021-W4";
			sourceTree = "<group>";
		};
/* End PBXGroup section */

/* Begin PBXNativeTarget section */
		D5170F8E25C8F8A100AAFD67 /* ITP344-Spring2021-W4 */ = {
			isa = PBXNativeTarget;
			buildConfigurationList = D5170FA325C8F8A300AAFD67 /* Build configuration list for PBXNativeTarget "ITP344-Spring2021-W4" */;
			buildPhases = (
				76330FD7DCF60A3D4030C07C /* [CP] Check Pods Manifest.lock */,
				D5170F8B25C8F8A100AAFD67 /* Sources */,
				D5170F8C25C8F8A100AAFD67 /* Frameworks */,
				D5170F8D25C8F8A100AAFD67 /* Resources */,
				A20FBF0E63137A9465AFDB79 /* [CP] Embed Pods Frameworks */,
			);
			buildRules = (
			);
			dependencies = (
			);
			name = "ITP344-Spring2021-W4";
			productName = "ITP344-Spring2021-W4";
			productReference = D5170F8F25C8F8A100AAFD67 /* ITP344-Spring2021-W4.app */;
			productType = "com.apple.product-type.application";
		};
/* End PBXNativeTarget section */

/* Begin PBXProject section */
		D5170F8725C8F8A100AAFD67 /* Project object */ = {
			isa = PBXProject;
			attributes = {
				LastSwiftUpdateCheck = 1240;
				LastUpgradeCheck = 1240;
				TargetAttributes = {
					D5170F8E25C8F8A100AAFD67 = {
						CreatedOnToolsVersion = 12.4;
					};
				};
			};
			buildConfigurationList = D5170F8A25C8F8A100AAFD67 /* Build configuration list for PBXProject "ITP344-Spring2021-W4" */;
			compatibilityVersion = "Xcode 9.3";
			developmentRegion = en;
			hasScannedForEncodings = 0;
			knownRegions = (
				en,
				Base,
			);
			mainGroup = D5170F8625C8F8A100AAFD67;
			productRefGroup = D5170F9025C8F8A100AAFD67 /* Products */;
			projectDirPath = "";
			projectRoot = "";
			targets = (
				D5170F8E25C8F8A100AAFD67 /* ITP344-Spring2021-W4 */,
			);
		};
/* End PBXProject section */

/* Begin PBXResourcesBuildPhase section */
		D5170F8D25C8F8A100AAFD67 /* Resources */ = {
			isa = PBXResourcesBuildPhase;
			buildActionMask = 2147483647;
			files = (
				D5170F9F25C8F8A300AAFD67 /* LaunchScreen.storyboard in Resources */,
				D5170F9C25C8F8A300AAFD67 /* Assets.xcassets in Resources */,
			);
			runOnlyForDeploymentPostprocessing = 0;
		};
/* End PBXResourcesBuildPhase section */

/* Begin PBXShellScriptBuildPhase section */
		76330FD7DCF60A3D4030C07C /* [CP] Check Pods Manifest.lock */ = {
			isa = PBXShellScriptBuildPhase;
			buildActionMask = 2147483647;
			files = (
			);
			inputFileListPaths = (
			);
			inputPaths = (
				"${PODS_PODFILE_DIR_PATH}/Podfile.lock",
				"${PODS_ROOT}/Manifest.lock",
			);
			name = "[CP] Check Pods Manifest.lock";
			outputFileListPaths = (
			);
			outputPaths = (
				"$(DERIVED_FILE_DIR)/Pods-ITP344-Spring2021-W4-checkManifestLockResult.txt",
			);
			runOnlyForDeploymentPostprocessing = 0;
			shellPath = /bin/sh;
			shellScript = "diff \"${PODS_PODFILE_DIR_PATH}/Podfile.lock\" \"${PODS_ROOT}/Manifest.lock\" > /dev/null\nif [ $? != 0 ] ; then\n    # print error to STDERR\n    echo \"error: The sandbox is not in sync with the Podfile.lock. Run 'pod install' or update your CocoaPods installation.\" >&2\n    exit 1\nfi\n# This output is used by Xcode 'outputs' to avoid re-running this script phase.\necho \"SUCCESS\" > \"${SCRIPT_OUTPUT_FILE_0}\"\n";
			showEnvVarsInLog = 0;
		};
		A20FBF0E63137A9465AFDB79 /* [CP] Embed Pods Frameworks */ = {
			isa = PBXShellScriptBuildPhase;
			buildActionMask = 2147483647;
			files = (
			);
			inputFileListPaths = (
				"${PODS_ROOT}/Target Support Files/Pods-ITP344-Spring2021-W4/Pods-ITP344-Spring2021-W4-frameworks-${CONFIGURATION}-input-files.xcfilelist",
			);
			name = "[CP] Embed Pods Frameworks";
			outputFileListPaths = (
				"${PODS_ROOT}/Target Support Files/Pods-ITP344-Spring2021-W4/Pods-ITP344-Spring2021-W4-frameworks-${CONFIGURATION}-output-files.xcfilelist",
			);
			runOnlyForDeploymentPostprocessing = 0;
			shellPath = /bin/sh;
			shellScript = "\"${PODS_ROOT}/Target Support Files/Pods-ITP344-Spring2021-W4/Pods-ITP344-Spring2021-W4-frameworks.sh\"\n";
			showEnvVarsInLog = 0;
		};
/* End PBXShellScriptBuildPhase section */

/* Begin PBXSourcesBuildPhase section */
		D5170F8B25C8F8A100AAFD67 /* Sources */ = {
			isa = PBXSourcesBuildPhase;
			buildActionMask = 2147483647;
			files = (
				D5170F9725C8F8A100AAFD67 /* ViewController.swift in Sources */,
				D5170F9325C8F8A100AAFD67 /* AppDelegate.swift in Sources */,
				D5170F9525C8F8A100AAFD67 /* SceneDelegate.swift in Sources */,
			);
			runOnlyForDeploymentPostprocessing = 0;
		};
/* End PBXSourcesBuildPhase section */

/* Begin PBXVariantGroup section */
		D5170F9D25C8F8A300AAFD67 /* LaunchScreen.storyboard */ = {
			isa = PBXVariantGroup;
			children = (
				D5170F9E25C8F8A300AAFD67 /* Base */,
			);
			name = LaunchScreen.storyboard;
			sourceTree = "<group>";
		};
/* End PBXVariantGroup section */

/* Begin XCBuildConfiguration section */
		D5170FA125C8F8A300AAFD67 /* Debug */ = {
			isa = XCBuildConfiguration;
			buildSettings = {
				ALWAYS_SEARCH_USER_PATHS = NO;
				CLANG_ANALYZER_NONNULL = YES;
				CLANG_ANALYZER_NUMBER_OBJECT_CONVERSION = YES_AGGRESSIVE;
				CLANG_CXX_LANGUAGE_STANDARD = "gnu++14";
				CLANG_CXX_LIBRARY = "libc++";
				CLANG_ENABLE_MODULES = YES;
				CLANG_ENABLE_OBJC_ARC = YES;
				CLANG_ENABLE_OBJC_WEAK = YES;
				CLANG_WARN_BLOCK_CAPTURE_AUTORELEASING = YES;
				CLANG_WARN_BOOL_CONVERSION = YES;
				CLANG_WARN_COMMA = YES;
				CLANG_WARN_CONSTANT_CONVERSION = YES;
				CLANG_WARN_DEPRECATED_OBJC_IMPLEMENTATIONS = YES;
				CLANG_WARN_DIRECT_OBJC_ISA_USAGE = YES_ERROR;
				CLANG_WARN_DOCUMENTATION_COMMENTS = YES;
				CLANG_WARN_EMPTY_BODY = YES;
				CLANG_WARN_ENUM_CONVERSION = YES;
				CLANG_WARN_INFINITE_RECURSION = YES;
				CLANG_WARN_INT_CONVERSION = YES;
				CLANG_WARN_NON_LITERAL_NULL_CONVERSION = YES;
				CLANG_WARN_OBJC_IMPLICIT_RETAIN_SELF = YES;
				CLANG_WARN_OBJC_LITERAL_CONVERSION = YES;
				CLANG_WARN_OBJC_ROOT_CLASS = YES_ERROR;
				CLANG_WARN_QUOTED_INCLUDE_IN_FRAMEWORK_HEADER = YES;
				CLANG_WARN_RANGE_LOOP_ANALYSIS = YES;
				CLANG_WARN_STRICT_PROTOTYPES = YES;
				CLANG_WARN_SUSPICIOUS_MOVE = YES;
				CLANG_WARN_UNGUARDED_AVAILABILITY = YES_AGGRESSIVE;
				CLANG_WARN_UNREACHABLE_CODE = YES;
				CLANG_WARN__DUPLICATE_METHOD_MATCH = YES;
				COPY_PHASE_STRIP = NO;
				DEBUG_INFORMATION_FORMAT = dwarf;
				ENABLE_STRICT_OBJC_MSGSEND = YES;
				ENABLE_TESTABILITY = YES;
				GCC_C_LANGUAGE_STANDARD = gnu11;
				GCC_DYNAMIC_NO_PIC = NO;
				GCC_NO_COMMON_BLOCKS = YES;
				GCC_OPTIMIZATION_LEVEL = 0;
				GCC_PREPROCESSOR_DEFINITIONS = (
					"DEBUG=1",
					"$(inherited)",
				);
				GCC_WARN_64_TO_32_BIT_CONVERSION = YES;
				GCC_WARN_ABOUT_RETURN_TYPE = YES_ERROR;
				GCC_WARN_UNDECLARED_SELECTOR = YES;
				GCC_WARN_UNINITIALIZED_AUTOS = YES_AGGRESSIVE;
				GCC_WARN_UNUSED_FUNCTION = YES;
				GCC_WARN_UNUSED_VARIABLE = YES;
				IPHONEOS_DEPLOYMENT_TARGET = 14.4;
				MTL_ENABLE_DEBUG_INFO = INCLUDE_SOURCE;
				MTL_FAST_MATH = YES;
				ONLY_ACTIVE_ARCH = YES;
				SDKROOT = iphoneos;
				SWIFT_ACTIVE_COMPILATION_CONDITIONS = DEBUG;
				SWIFT_OPTIMIZATION_LEVEL = "-Onone";
			};
			name = Debug;
		};
		D5170FA225C8F8A300AAFD67 /* Release */ = {
			isa = XCBuildConfiguration;
			buildSettings = {
				ALWAYS_SEARCH_USER_PATHS = NO;
				CLANG_ANALYZER_NONNULL = YES;
				CLANG_ANALYZER_NUMBER_OBJECT_CONVERSION = YES_AGGRESSIVE;
				CLANG_CXX_LANGUAGE_STANDARD = "gnu++14";
				CLANG_CXX_LIBRARY = "libc++";
				CLANG_ENABLE_MODULES = YES;
				CLANG_ENABLE_OBJC_ARC = YES;
				CLANG_ENABLE_OBJC_WEAK = YES;
				CLANG_WARN_BLOCK_CAPTURE_AUTORELEASING = YES;
				CLANG_WARN_BOOL_CONVERSION = YES;
				CLANG_WARN_COMMA = YES;
				CLANG_WARN_CONSTANT_CONVERSION = YES;
				CLANG_WARN_DEPRECATED_OBJC_IMPLEMENTATIONS = YES;
				CLANG_WARN_DIRECT_OBJC_ISA_USAGE = YES_ERROR;
				CLANG_WARN_DOCUMENTATION_COMMENTS = YES;
				CLANG_WARN_EMPTY_BODY = YES;
				CLANG_WARN_ENUM_CONVERSION = YES;
				CLANG_WARN_INFINITE_RECURSION = YES;
				CLANG_WARN_INT_CONVERSION = YES;
				CLANG_WARN_NON_LITERAL_NULL_CONVERSION = YES;
				CLANG_WARN_OBJC_IMPLICIT_RETAIN_SELF = YES;
				CLANG_WARN_OBJC_LITERAL_CONVERSION = YES;
				CLANG_WARN_OBJC_ROOT_CLASS = YES_ERROR;
				CLANG_WARN_QUOTED_INCLUDE_IN_FRAMEWORK_HEADER = YES;
				CLANG_WARN_RANGE_LOOP_ANALYSIS = YES;
				CLANG_WARN_STRICT_PROTOTYPES = YES;
				CLANG_WARN_SUSPICIOUS_MOVE = YES;
				CLANG_WARN_UNGUARDED_AVAILABILITY = YES_AGGRESSIVE;
				CLANG_WARN_UNREACHABLE_CODE = YES;
				CLANG_WARN__DUPLICATE_METHOD_MATCH = YES;
				COPY_PHASE_STRIP = NO;
				DEBUG_INFORMATION_FORMAT = "dwarf-with-dsym";
				ENABLE_NS_ASSERTIONS = NO;
				ENABLE_STRICT_OBJC_MSGSEND = YES;
				GCC_C_LANGUAGE_STANDARD = gnu11;
				GCC_NO_COMMON_BLOCKS = YES;
				GCC_WARN_64_TO_32_BIT_CONVERSION = YES;
				GCC_WARN_ABOUT_RETURN_TYPE = YES_ERROR;
				GCC_WARN_UNDECLARED_SELECTOR = YES;
				GCC_WARN_UNINITIALIZED_AUTOS = YES_AGGRESSIVE;
				GCC_WARN_UNUSED_FUNCTION = YES;
				GCC_WARN_UNUSED_VARIABLE = YES;
				IPHONEOS_DEPLOYMENT_TARGET = 14.4;
				MTL_ENABLE_DEBUG_INFO = NO;
				MTL_FAST_MATH = YES;
				SDKROOT = iphoneos;
				SWIFT_COMPILATION_MODE = wholemodule;
				SWIFT_OPTIMIZATION_LEVEL = "-O";
				VALIDATE_PRODUCT = YES;
			};
			name = Release;
		};
		D5170FA425C8F8A300AAFD67 /* Debug */ = {
			isa = XCBuildConfiguration;
			baseConfigurationReference = F9C13A3F3E825ECB20D380BC /* Pods-ITP344-Spring2021-W4.debug.xcconfig */;
			buildSettings = {
				ASSETCATALOG_COMPILER_APPICON_NAME = AppIcon;
				ASSETCATALOG_COMPILER_GLOBAL_ACCENT_COLOR_NAME = AccentColor;
				CODE_SIGN_STYLE = Automatic;
				DEVELOPMENT_TEAM = D5GTMK5VKL;
				INFOPLIST_FILE = "ITP344-Spring2021-W4/Info.plist";
				LD_RUNPATH_SEARCH_PATHS = (
					"$(inherited)",
					"@executable_path/Frameworks",
				);
				PRODUCT_BUNDLE_IDENTIFIER = "com.boyuanx.ITP344-Spring2021-W4";
				PRODUCT_NAME = "$(TARGET_NAME)";
				SWIFT_VERSION = 5.0;
				TARGETED_DEVICE_FAMILY = "1,2";
			};
			name = Debug;
		};
		D5170FA525C8F8A300AAFD67 /* Release */ = {
			isa = XCBuildConfiguration;
			baseConfigurationReference = 92D52D933315DB1E53DEA20E /* Pods-ITP344-Spring2021-W4.release.xcconfig */;
			buildSettings = {
				ASSETCATALOG_COMPILER_APPICON_NAME = AppIcon;
				ASSETCATALOG_COMPILER_GLOBAL_ACCENT_COLOR_NAME = AccentColor;
				CODE_SIGN_STYLE = Automatic;
				DEVELOPMENT_TEAM = D5GTMK5VKL;
				INFOPLIST_FILE = "ITP344-Spring2021-W4/Info.plist";
				LD_RUNPATH_SEARCH_PATHS = (
					"$(inherited)",
					"@executable_path/Frameworks",
				);
				PRODUCT_BUNDLE_IDENTIFIER = "com.boyuanx.ITP344-Spring2021-W4";
				PRODUCT_NAME = "$(TARGET_NAME)";
				SWIFT_VERSION = 5.0;
				TARGETED_DEVICE_FAMILY = "1,2";
			};
			name = Release;
		};
/* End XCBuildConfiguration section */

/* Begin XCConfigurationList section */
		D5170F8A25C8F8A100AAFD67 /* Build configuration list for PBXProject "ITP344-Spring2021-W4" */ = {
			isa = XCConfigurationList;
			buildConfigurations = (
				D5170FA125C8F8A300AAFD67 /* Debug */,
				D5170FA225C8F8A300AAFD67 /* Release */,
			);
			defaultConfigurationIsVisible = 0;
			defaultConfigurationName = Release;
		};
		D5170FA325C8F8A300AAFD67 /* Build configuration list for PBXNativeTarget "ITP344-Spring2021-W4" */ = {
			isa = XCConfigurationList;
			buildConfigurations = (
				D5170FA425C8F8A300AAFD67 /* Debug */,
				D5170FA525C8F8A300AAFD67 /* Release */,
			);
			defaultConfigurationIsVisible = 0;
			defaultConfigurationName = Release;
		};
/* End XCConfigurationList section */
	};
	rootObject = D5170F8725C8F8A100AAFD67 /* Project object */;
}
